PODS:
  - JXPageControl (0.1.5):
    - JXPageControl/Common (= 0.1.5)
    - JXPageControl/Jump (= 0.1.5)
    - JXPageControl/Transform (= 0.1.5)
  - JXPageControl/Common (0.1.5)
  - JXPageControl/Jump (0.1.5):
    - JXPageControl/Common
  - JXPageControl/Transform (0.1.5):
    - JXPageControl/Common

DEPENDENCIES:
  - JXPageControl

SPEC REPOS:
  trunk:
    - JXPageControl

SPEC CHECKSUMS:
  JXPageControl: e9487b39e2e58fc17790833214f3b8e935bef98b

PODFILE CHECKSUM: cf52b3c9c376bbc068a7f76436e0ddd9fca1f0ce

COCOAPODS: 1.11.3
